
Microsoft Visual Studio Solution File, Format Version 12.00
# Visual Studio Version 17
VisualStudioVersion = 17.3.32901.215
MinimumVisualStudioVersion = 10.0.40219.1
Project("{FAE04EC0-301F-11D3-BF4B-00C04F79EFBC}") = "BookStore", "BookStore\BookStore.csproj", "{0891ABFB-B30F-44B3-B417-3305559F45EC}"
EndProject
Project("{FAE04EC0-301F-11D3-BF4B-00C04F79EFBC}") = "BookStoreDataAccess", "BookStoreDataAccess\BookStoreDataAccess.csproj", "{069D235C-D8D8-405A-A7DF-84C854F083FE}"
EndProject
Global
	GlobalSection(SolutionConfigurationPlatforms) = preSolution
		Debug|Any CPU = Debug|Any CPU
		Release|Any CPU = Release|Any CPU
	EndGlobalSection
	GlobalSection(ProjectConfigurationPlatforms) = postSolution
		{0891ABFB-B30F-44B3-B417-3305559F45EC}.Debug|Any CPU.ActiveCfg = Debug|Any CPU
		{0891ABFB-B30F-44B3-B417-3305559F45EC}.Debug|Any CPU.Build.0 = Debug|Any CPU
		{0891ABFB-B30F-44B3-B417-3305559F45EC}.Release|Any CPU.ActiveCfg = Release|Any CPU
		{0891ABFB-B30F-44B3-B417-3305559F45EC}.Release|Any CPU.Build.0 = Release|Any CPU
		{069D235C-D8D8-405A-A7DF-84C854F083FE}.Debug|Any CPU.ActiveCfg = Debug|Any CPU
		{069D235C-D8D8-405A-A7DF-84C854F083FE}.Debug|Any CPU.Build.0 = Debug|Any CPU
		{069D235C-D8D8-405A-A7DF-84C854F083FE}.Release|Any CPU.ActiveCfg = Release|Any CPU
		{069D235C-D8D8-405A-A7DF-84C854F083FE}.Release|Any CPU.Build.0 = Release|Any CPU
	EndGlobalSection
	GlobalSection(SolutionProperties) = preSolution
		HideSolutionNode = FALSE
	EndGlobalSection
	GlobalSection(ExtensibilityGlobals) = postSolution
		SolutionGuid = {17A6CD0B-4C3E-43B8-B399-572C18984E1B}
	EndGlobalSection
EndGlobal
